hash: 728ee7caed0444615be6faf908a789ae1d6a2a17e8292185e2532690d0526753
updated: 2018-06-20T13:22:50.984825+08:00
imports:
- name: github.com/bmizerany/pat
  version: 6226ea591a40176dd3ff9cd8eff81ed6ca721a00
- name: github.com/CMGS/statsd
  version: 48c421b3c1abfbb4e290c7f26cd93f014d686180
- name: github.com/coreos/etcd
  version: 33245c6b5b49130ca99280408fadfab01aac0e48
  subpackages:
  - client
  - pkg/pathutil
  - pkg/srv
  - pkg/types
  - version
- name: github.com/coreos/go-semver
  version: 8ab6407b697782a06568d4b7f1db25550ec2e4c6
  subpackages:
  - semver
- name: github.com/davecgh/go-spew
  version: 5215b55f46b2b919f50a1df0eaa5886afe4e3b3d
  subpackages:
  - spew
- name: github.com/docker/distribution
  version: f4118485915abb8b163442717326597908eee6aa
  subpackages:
  - digestset
  - reference
- name: github.com/docker/docker
  version: e2593239d949eee454935daea7a5fe025477322f
  subpackages:
  - api
  - api/types
  - api/types/blkiodev
  - api/types/container
  - api/types/events
  - api/types/filters
  - api/types/image
  - api/types/mount
  - api/types/network
  - api/types/registry
  - api/types/strslice
  - api/types/swarm
  - api/types/swarm/runtime
  - api/types/time
  - api/types/versions
  - api/types/volume
  - client
  - pkg/ioutils
  - pkg/longpath
  - pkg/stdcopy
  - pkg/stringid
- name: github.com/docker/go-connections
  version: 3ede32e2033de7505e6500d6c868c2b9ed9f169d
  subpackages:
  - nat
  - sockets
  - tlsconfig
- name: github.com/docker/go-units
  version: 47565b4f722fb6ceae66b95f853feed578a4a51c
- name: github.com/go-ole/go-ole
  version: a1ec82a652ebc7e784d7df887cfb31061aeabbcc
  subpackages:
  - oleutil
- name: github.com/gogo/protobuf
  version: 342cbe0a04158f6dcb03ca0079991a51a4248c02
  subpackages:
  - gogoproto
  - proto
- name: github.com/golang/protobuf
  version: b4deda0973fb4c70b50d226b1af49f3da59f5265
  subpackages:
  - proto
  - ptypes
  - ptypes/any
  - ptypes/duration
  - ptypes/timestamp
- name: github.com/Microsoft/go-winio
  version: 78439966b38d69bf38227fbf57ac8a6fee70f69a
- name: github.com/opencontainers/go-digest
  version: 279bed98673dd5bef374d3b6e4b09e2af76183bf
- name: github.com/opencontainers/image-spec
  version: e562b04403929d582d449ae5386ff79dd7961a11
  subpackages:
  - specs-go
  - specs-go/v1
- name: github.com/pkg/errors
  version: 8842a6e0cc595d1cc9d931f6c875883967280e32
- name: github.com/pmezard/go-difflib
  version: 792786c7400a136282c1664665ae0a8db921c6c2
  subpackages:
  - difflib
- name: github.com/projecteru2/core
  version: 1aec4703b02ba4bf11cb1c8b81fb6589d10c119c
  subpackages:
  - rpc/gen
  - types
  - utils
- name: github.com/shirou/gopsutil
  version: eeb1d38d69593f121e060d24d17f7b1f0936b203
  subpackages:
  - cpu
  - docker
  - internal/common
  - net
- name: github.com/sirupsen/logrus
  version: c155da19408a8799da419ed3eeb0cb5db0ad5dbc
- name: github.com/StackExchange/wmi
  version: cdffdb33acae0e14efff2628f9bae377b597840e
- name: github.com/stretchr/objx
  version: 0ab728f62c7f6fcd754334f7931c2dd659dce1d1
- name: github.com/stretchr/testify
  version: f35b8ab0b5a2cef36673838d662e249dd9c94686
  subpackages:
  - assert
  - mock
- name: github.com/ugorji/go
  version: bdcc60b419d136a85cdf2e7cbcac34b3f1cd6e57
  subpackages:
  - codec
- name: golang.org/x/crypto
  version: 1351f936d976c60a0a48d728281922cf63eafb8d
  subpackages:
  - ssh/terminal
- name: golang.org/x/net
  version: 66aacef3dd8a676686c7ae3716979581e8b03c47
  subpackages:
  - context
  - context/ctxhttp
  - http2
  - http2/hpack
  - idna
  - internal/timeseries
  - lex/httplex
  - proxy
  - trace
- name: golang.org/x/sys
  version: ebfc5b4631820b793c9010c87fd8fef0f39eb082
  subpackages:
  - unix
  - windows
- name: golang.org/x/text
  version: b19bf474d317b857955b12035d2c5acb57ce8b01
  subpackages:
  - secure/bidirule
  - transform
  - unicode/bidi
  - unicode/norm
- name: google.golang.org/genproto
  version: 09f6ed296fc66555a25fe4ce95173148778dfa85
  subpackages:
  - googleapis/rpc/status
- name: google.golang.org/grpc
  version: 2ab07fd5cb02cfc44fd49af17dd2356ed1647ed4
  subpackages:
  - balancer
  - balancer/base
  - balancer/roundrobin
  - codes
  - connectivity
  - credentials
  - encoding
  - encoding/proto
  - grpclog
  - internal
  - internal/backoff
  - internal/channelz
  - internal/grpcrand
  - keepalive
  - metadata
  - naming
  - peer
  - resolver
  - resolver/dns
  - resolver/passthrough
  - stats
  - status
  - tap
  - transport
- name: gopkg.in/urfave/cli.v2
  version: d3ae77c26ac8db90639677e4831a728d33c36111
- name: gopkg.in/yaml.v2
  version: 53feefa2559fb8dfa8d81baad31be332c97d6c77
testImports: []
